
Microsoft Visual Studio Solution File, Format Version 12.00
# Visual Studio 15
VisualStudioVersion = 15.0.28307.645
MinimumVisualStudioVersion = 10.0.40219.1
Project("{FAE04EC0-301F-11D3-BF4B-00C04F79EFBC}") = "PalindromeLinkedList", "PalindromeLinkedList.csproj", "{6BD3F60E-5443-48DD-9643-F319CB5DDE7B}"
EndProject
Global
	GlobalSection(SolutionConfigurationPlatforms) = preSolution
		Debug|Any CPU = Debug|Any CPU
		Release|Any CPU = Release|Any CPU
	EndGlobalSection
	GlobalSection(ProjectConfigurationPlatforms) = postSolution
		{6BD3F60E-5443-48DD-9643-F319CB5DDE7B}.Debug|Any CPU.ActiveCfg = Debug|Any CPU
		{6BD3F60E-5443-48DD-9643-F319CB5DDE7B}.Debug|Any CPU.Build.0 = Debug|Any CPU
		{6BD3F60E-5443-48DD-9643-F319CB5DDE7B}.Release|Any CPU.ActiveCfg = Release|Any CPU
		{6BD3F60E-5443-48DD-9643-F319CB5DDE7B}.Release|Any CPU.Build.0 = Release|Any CPU
	EndGlobalSection
	GlobalSection(SolutionProperties) = preSolution
		HideSolutionNode = FALSE
	EndGlobalSection
	GlobalSection(ExtensibilityGlobals) = postSolution
		SolutionGuid = {1A1B1741-9826-4E42-8101-16BB5C850DD6}
	EndGlobalSection
EndGlobal
