
Microsoft Visual Studio Solution File, Format Version 12.00
# Visual Studio 15
VisualStudioVersion = 15.0.28307.645
MinimumVisualStudioVersion = 10.0.40219.1
Project("{FAE04EC0-301F-11D3-BF4B-00C04F79EFBC}") = "SwapElements", "SwapElements.csproj", "{811A5C58-B7AE-4844-8AC1-C52A0D77A167}"
EndProject
Global
	GlobalSection(SolutionConfigurationPlatforms) = preSolution
		Debug|Any CPU = Debug|Any CPU
		Release|Any CPU = Release|Any CPU
	EndGlobalSection
	GlobalSection(ProjectConfigurationPlatforms) = postSolution
		{811A5C58-B7AE-4844-8AC1-C52A0D77A167}.Debug|Any CPU.ActiveCfg = Debug|Any CPU
		{811A5C58-B7AE-4844-8AC1-C52A0D77A167}.Debug|Any CPU.Build.0 = Debug|Any CPU
		{811A5C58-B7AE-4844-8AC1-C52A0D77A167}.Release|Any CPU.ActiveCfg = Release|Any CPU
		{811A5C58-B7AE-4844-8AC1-C52A0D77A167}.Release|Any CPU.Build.0 = Release|Any CPU
	EndGlobalSection
	GlobalSection(SolutionProperties) = preSolution
		HideSolutionNode = FALSE
	EndGlobalSection
	GlobalSection(ExtensibilityGlobals) = postSolution
		SolutionGuid = {20434A28-74B5-43A1-B93A-2F015B5DC76E}
	EndGlobalSection
EndGlobal
